
Microsoft Visual Studio Solution File, Format Version 12.00
# Visual Studio 15
VisualStudioVersion = 15.0.27130.2027
MinimumVisualStudioVersion = 10.0.40219.1
Project("{FAE04EC0-301F-11D3-BF4B-00C04F79EFBC}") = "BrickSorter", "BrickSorter\BrickSorter.csproj", "{D5D16B6E-42CA-467A-B3E8-DC4123B0F228}"
EndProject
Project("{FAE04EC0-301F-11D3-BF4B-00C04F79EFBC}") = "UnitTests", "UnitTests\UnitTests.csproj", "{1C4C6E97-2D56-442A-9BD1-3AACAA75B8E5}"
EndProject
Global
	GlobalSection(SolutionConfigurationPlatforms) = preSolution
		Debug|Any CPU = Debug|Any CPU
		Release|Any CPU = Release|Any CPU
	EndGlobalSection
	GlobalSection(ProjectConfigurationPlatforms) = postSolution
		{D5D16B6E-42CA-467A-B3E8-DC4123B0F228}.Debug|Any CPU.ActiveCfg = Debug|Any CPU
		{D5D16B6E-42CA-467A-B3E8-DC4123B0F228}.Debug|Any CPU.Build.0 = Debug|Any CPU
		{D5D16B6E-42CA-467A-B3E8-DC4123B0F228}.Release|Any CPU.ActiveCfg = Release|Any CPU
		{D5D16B6E-42CA-467A-B3E8-DC4123B0F228}.Release|Any CPU.Build.0 = Release|Any CPU
		{1C4C6E97-2D56-442A-9BD1-3AACAA75B8E5}.Debug|Any CPU.ActiveCfg = Debug|Any CPU
		{1C4C6E97-2D56-442A-9BD1-3AACAA75B8E5}.Debug|Any CPU.Build.0 = Debug|Any CPU
		{1C4C6E97-2D56-442A-9BD1-3AACAA75B8E5}.Release|Any CPU.ActiveCfg = Release|Any CPU
		{1C4C6E97-2D56-442A-9BD1-3AACAA75B8E5}.Release|Any CPU.Build.0 = Release|Any CPU
	EndGlobalSection
	GlobalSection(SolutionProperties) = preSolution
		HideSolutionNode = FALSE
	EndGlobalSection
	GlobalSection(ExtensibilityGlobals) = postSolution
		SolutionGuid = {ADA3324E-524E-465E-A9B9-2A6830CAC92D}
	EndGlobalSection
EndGlobal
